# THIS IS AN AUTOGENERATED FILE. DO NOT EDIT THIS FILE DIRECTLY.
# yarn lockfile v1


react-parallax@^3.5.1:
  version "3.5.1"
  resolved "https://registry.yarnpkg.com/react-parallax/-/react-parallax-3.5.1.tgz#73071679371b7738e21ffac8daa0bc3cb7e5174d"
  integrity sha512-p5zPsPsqELlIOGaPS01O0IRx8R2bxcBAtrdF/RHf9nIxxk5hijbM2y89tk4rJQBcNH6ESSLe7J2NV4/ms7FLFw==
